// !$*UTF8*$!
{
	archiveVersion = 1;
	classes = {
	};
	objectVersion = 56;
	objects = {

/* Begin PBXBuildFile section */
		5C669C6E2B34320400C00C76 /* Localizable.xcstrings in Resources */ = {isa = PBXBuildFile; fileRef = 5C669C6D2B34320400C00C76 /* Localizable.xcstrings */; };
		5C6D508B2B334DD10030A604 /* exampleOfFeelingSad.swift in Sources */ = {isa = PBXBuildFile; fileRef = 5C6D508A2B334DD10030A604 /* exampleOfFeelingSad.swift */; };
		5C7879AC2B31FC57004C9DDD /* MaknoonApplictionApp.swift in Sources */ = {isa = PBXBuildFile; fileRef = 5C7879AB2B31FC57004C9DDD /* MaknoonApplictionApp.swift */; };
		5C7879AE2B31FC57004C9DDD /* ContentView.swift in Sources */ = {isa = PBXBuildFile; fileRef = 5C7879AD2B31FC57004C9DDD /* ContentView.swift */; };
		5C7879B02B31FC58004C9DDD /* Assets.xcassets in Resources */ = {isa = PBXBuildFile; fileRef = 5C7879AF2B31FC58004C9DDD /* Assets.xcassets */; };
		5C7879B32B31FC58004C9DDD /* Preview Assets.xcassets in Resources */ = {isa = PBXBuildFile; fileRef = 5C7879B22B31FC58004C9DDD /* Preview Assets.xcassets */; };
		5C7879BA2B3204B8004C9DDD /* humanHappyState.swift in Sources */ = {isa = PBXBuildFile; fileRef = 5C7879B92B3204B8004C9DDD /* humanHappyState.swift */; };
		5C7879BC2B321807004C9DDD /* feelingHappyState.swift in Sources */ = {isa = PBXBuildFile; fileRef = 5C7879BB2B321807004C9DDD /* feelingHappyState.swift */; };
		5C8135A02B34D3B4003F8E6B /* SplashScreenView.swift in Sources */ = {isa = PBXBuildFile; fileRef = 5C81359F2B34D3B4003F8E6B /* SplashScreenView.swift */; };
		5CF2C52F2B32E7FA00CB0BD7 /* humanSadState.swift in Sources */ = {isa = PBXBuildFile; fileRef = 5CF2C52E2B32E7FA00CB0BD7 /* humanSadState.swift */; };
		5CF2C5312B32E96800CB0BD7 /* feelingSad.swift in Sources */ = {isa = PBXBuildFile; fileRef = 5CF2C5302B32E96800CB0BD7 /* feelingSad.swift */; };
		BD7C83D92B341210005DAA95 /* Home.swift in Sources */ = {isa = PBXBuildFile; fileRef = BD7C83D82B341210005DAA95 /* Home.swift */; };
		BD7C83DB2B341548005DAA95 /* LastAnger.swift in Sources */ = {isa = PBXBuildFile; fileRef = BD7C83DA2B341548005DAA95 /* LastAnger.swift */; };
		BD7C83DD2B341691005DAA95 /* LastScared.swift in Sources */ = {isa = PBXBuildFile; fileRef = BD7C83DC2B341691005DAA95 /* LastScared.swift */; };
		BD7C83DF2B3416E6005DAA95 /* LastHappy.swift in Sources */ = {isa = PBXBuildFile; fileRef = BD7C83DE2B3416E6005DAA95 /* LastHappy.swift */; };
		BDAA5F212B3424D1002ABFF8 /* LastSad.swift in Sources */ = {isa = PBXBuildFile; fileRef = BDAA5F202B3424D1002ABFF8 /* LastSad.swift */; };
		BDAA5F232B34264F002ABFF8 /* humanAngerState.swift in Sources */ = {isa = PBXBuildFile; fileRef = BDAA5F222B34264F002ABFF8 /* humanAngerState.swift */; };
		BDAA5F252B342778002ABFF8 /* feelingAngerState.swift in Sources */ = {isa = PBXBuildFile; fileRef = BDAA5F242B342778002ABFF8 /* feelingAngerState.swift */; };
/* End PBXBuildFile section */

/* Begin PBXFileReference section */
		5C669C6D2B34320400C00C76 /* Localizable.xcstrings */ = {isa = PBXFileReference; lastKnownFileType = text.json.xcstrings; path = Localizable.xcstrings; sourceTree = "<group>"; };
		5C6D508A2B334DD10030A604 /* exampleOfFeelingSad.swift */ = {isa = PBXFileReference; lastKnownFileType = sourcecode.swift; path = exampleOfFeelingSad.swift; sourceTree = "<group>"; };
		5C7879A82B31FC57004C9DDD /* MaknoonAppliction.app */ = {isa = PBXFileReference; explicitFileType = wrapper.application; includeInIndex = 0; path = MaknoonAppliction.app; sourceTree = BUILT_PRODUCTS_DIR; };
		5C7879AB2B31FC57004C9DDD /* MaknoonApplictionApp.swift */ = {isa = PBXFileReference; lastKnownFileType = sourcecode.swift; path = MaknoonApplictionApp.swift; sourceTree = "<group>"; };
		5C7879AD2B31FC57004C9DDD /* ContentView.swift */ = {isa = PBXFileReference; lastKnownFileType = sourcecode.swift; path = ContentView.swift; sourceTree = "<group>"; };
		5C7879AF2B31FC58004C9DDD /* Assets.xcassets */ = {isa = PBXFileReference; lastKnownFileType = folder.assetcatalog; path = Assets.xcassets; sourceTree = "<group>"; };
		5C7879B22B31FC58004C9DDD /* Preview Assets.xcassets */ = {isa = PBXFileReference; lastKnownFileType = folder.assetcatalog; path = "Preview Assets.xcassets"; sourceTree = "<group>"; };
		5C7879B92B3204B8004C9DDD /* humanHappyState.swift */ = {isa = PBXFileReference; lastKnownFileType = sourcecode.swift; path = humanHappyState.swift; sourceTree = "<group>"; };
		5C7879BB2B321807004C9DDD /* feelingHappyState.swift */ = {isa = PBXFileReference; lastKnownFileType = sourcecode.swift; path = feelingHappyState.swift; sourceTree = "<group>"; };
		5C81359F2B34D3B4003F8E6B /* SplashScreenView.swift */ = {isa = PBXFileReference; lastKnownFileType = sourcecode.swift; path = SplashScreenView.swift; sourceTree = "<group>"; };
		5CF2C52E2B32E7FA00CB0BD7 /* humanSadState.swift */ = {isa = PBXFileReference; lastKnownFileType = sourcecode.swift; path = humanSadState.swift; sourceTree = "<group>"; };
		5CF2C5302B32E96800CB0BD7 /* feelingSad.swift */ = {isa = PBXFileReference; lastKnownFileType = sourcecode.swift; path = feelingSad.swift; sourceTree = "<group>"; };
		BD7C83D82B341210005DAA95 /* Home.swift */ = {isa = PBXFileReference; lastKnownFileType = sourcecode.swift; path = Home.swift; sourceTree = "<group>"; };
		BD7C83DA2B341548005DAA95 /* LastAnger.swift */ = {isa = PBXFileReference; lastKnownFileType = sourcecode.swift; path = LastAnger.swift; sourceTree = "<group>"; };
		BD7C83DC2B341691005DAA95 /* LastScared.swift */ = {isa = PBXFileReference; lastKnownFileType = sourcecode.swift; path = LastScared.swift; sourceTree = "<group>"; };
		BD7C83DE2B3416E6005DAA95 /* LastHappy.swift */ = {isa = PBXFileReference; lastKnownFileType = sourcecode.swift; path = LastHappy.swift; sourceTree = "<group>"; };
		BDAA5F202B3424D1002ABFF8 /* LastSad.swift */ = {isa = PBXFileReference; lastKnownFileType = sourcecode.swift; path = LastSad.swift; sourceTree = "<group>"; };
		BDAA5F222B34264F002ABFF8 /* humanAngerState.swift */ = {isa = PBXFileReference; lastKnownFileType = sourcecode.swift; path = humanAngerState.swift; sourceTree = "<group>"; };
		BDAA5F242B342778002ABFF8 /* feelingAngerState.swift */ = {isa = PBXFileReference; lastKnownFileType = sourcecode.swift; path = feelingAngerState.swift; sourceTree = "<group>"; };
/* End PBXFileReference section */

/* Begin PBXFrameworksBuildPhase section */
		5C7879A52B31FC57004C9DDD /* Frameworks */ = {
			isa = PBXFrameworksBuildPhase;
			buildActionMask = 2147483647;
			files = (
			);
			runOnlyForDeploymentPostprocessing = 0;
		};
/* End PBXFrameworksBuildPhase section */

/* Begin PBXGroup section */
		5C669C6F2B343F1B00C00C76 /* happy */ = {
			isa = PBXGroup;
			children = (
				5C7879B92B3204B8004C9DDD /* humanHappyState.swift */,
				5C7879BB2B321807004C9DDD /* feelingHappyState.swift */,
				BD7C83DE2B3416E6005DAA95 /* LastHappy.swift */,
			);
			path = happy;
			sourceTree = "<group>";
		};
		5C669C702B343FC700C00C76 /* sad */ = {
			isa = PBXGroup;
			children = (
				5CF2C52E2B32E7FA00CB0BD7 /* humanSadState.swift */,
				5C6D508A2B334DD10030A604 /* exampleOfFeelingSad.swift */,
				5CF2C5302B32E96800CB0BD7 /* feelingSad.swift */,
			);
			path = sad;
			sourceTree = "<group>";
		};
		5C669C712B34418F00C00C76 /* angry */ = {
			isa = PBXGroup;
			children = (
				BDAA5F242B342778002ABFF8 /* feelingAngerState.swift */,
				BD7C83DA2B341548005DAA95 /* LastAnger.swift */,
				BDAA5F222B34264F002ABFF8 /* humanAngerState.swift */,
			);
			path = angry;
			sourceTree = "<group>";
		};
		5C78799F2B31FC57004C9DDD = {
			isa = PBXGroup;
			children = (
				5C669C6D2B34320400C00C76 /* Localizable.xcstrings */,
				5C81359F2B34D3B4003F8E6B /* SplashScreenView.swift */,
				5C7879AA2B31FC57004C9DDD /* MaknoonAppliction */,
				5C7879A92B31FC57004C9DDD /* Products */,
			);
			sourceTree = "<group>";
		};
		5C7879A92B31FC57004C9DDD /* Products */ = {
			isa = PBXGroup;
			children = (
				5C7879A82B31FC57004C9DDD /* MaknoonAppliction.app */,
			);
			name = Products;
			sourceTree = "<group>";
		};
		5C7879AA2B31FC57004C9DDD /* MaknoonAppliction */ = {
			isa = PBXGroup;
			children = (
				5C7879AB2B31FC57004C9DDD /* MaknoonApplictionApp.swift */,
				5C7879AD2B31FC57004C9DDD /* ContentView.swift */,
				5C669C702B343FC700C00C76 /* sad */,
				BD7C83D82B341210005DAA95 /* Home.swift */,
				5C669C712B34418F00C00C76 /* angry */,
				BD7C83DC2B341691005DAA95 /* LastScared.swift */,
				5C669C6F2B343F1B00C00C76 /* happy */,
				5C7879AF2B31FC58004C9DDD /* Assets.xcassets */,
				5C7879B12B31FC58004C9DDD /* Preview Content */,
			);
			path = MaknoonAppliction;
			sourceTree = "<group>";
		};
		5C7879B12B31FC58004C9DDD /* Preview Content */ = {
			isa = PBXGroup;
			children = (
				BDAA5F202B3424D1002ABFF8 /* LastSad.swift */,
				5C7879B22B31FC58004C9DDD /* Preview Assets.xcassets */,
			);
			path = "Preview Content";
			sourceTree = "<group>";
		};
/* End PBXGroup section */

/* Begin PBXNativeTarget section */
		5C7879A72B31FC57004C9DDD /* MaknoonAppliction */ = {
			isa = PBXNativeTarget;
			buildConfigurationList = 5C7879B62B31FC58004C9DDD /* Build configuration list for PBXNativeTarget "MaknoonAppliction" */;
			buildPhases = (
				5C7879A42B31FC57004C9DDD /* Sources */,
				5C7879A52B31FC57004C9DDD /* Frameworks */,
				5C7879A62B31FC57004C9DDD /* Resources */,
			);
			buildRules = (
			);
			dependencies = (
			);
			name = MaknoonAppliction;
			productName = MaknoonAppliction;
			productReference = 5C7879A82B31FC57004C9DDD /* MaknoonAppliction.app */;
			productType = "com.apple.product-type.application";
		};
/* End PBXNativeTarget section */

/* Begin PBXProject section */
		5C7879A02B31FC57004C9DDD /* Project object */ = {
			isa = PBXProject;
			attributes = {
				BuildIndependentTargetsInParallel = 1;
				LastSwiftUpdateCheck = 1510;
				LastUpgradeCheck = 1510;
				TargetAttributes = {
					5C7879A72B31FC57004C9DDD = {
						CreatedOnToolsVersion = 15.1;
					};
				};
			};
			buildConfigurationList = 5C7879A32B31FC57004C9DDD /* Build configuration list for PBXProject "MaknoonAppliction" */;
			compatibilityVersion = "Xcode 14.0";
			developmentRegion = en;
			hasScannedForEncodings = 0;
			knownRegions = (
				en,
				Base,
				ar,
			);
			mainGroup = 5C78799F2B31FC57004C9DDD;
			productRefGroup = 5C7879A92B31FC57004C9DDD /* Products */;
			projectDirPath = "";
			projectRoot = "";
			targets = (
				5C7879A72B31FC57004C9DDD /* MaknoonAppliction */,
			);
		};
/* End PBXProject section */

/* Begin PBXResourcesBuildPhase section */
		5C7879A62B31FC57004C9DDD /* Resources */ = {
			isa = PBXResourcesBuildPhase;
			buildActionMask = 2147483647;
			files = (
				5C7879B32B31FC58004C9DDD /* Preview Assets.xcassets in Resources */,
				5C7879B02B31FC58004C9DDD /* Assets.xcassets in Resources */,
				5C669C6E2B34320400C00C76 /* Localizable.xcstrings in Resources */,
			);
			runOnlyForDeploymentPostprocessing = 0;
		};
/* End PBXResourcesBuildPhase section */

/* Begin PBXSourcesBuildPhase section */
		5C7879A42B31FC57004C9DDD /* Sources */ = {
			isa = PBXSourcesBuildPhase;
			buildActionMask = 2147483647;
			files = (
				5C7879AE2B31FC57004C9DDD /* ContentView.swift in Sources */,
				BDAA5F232B34264F002ABFF8 /* humanAngerState.swift in Sources */,
				5C8135A02B34D3B4003F8E6B /* SplashScreenView.swift in Sources */,
				5C7879AC2B31FC57004C9DDD /* MaknoonApplictionApp.swift in Sources */,
				5C7879BA2B3204B8004C9DDD /* humanHappyState.swift in Sources */,
				BD7C83DB2B341548005DAA95 /* LastAnger.swift in Sources */,
				5C7879BC2B321807004C9DDD /* feelingHappyState.swift in Sources */,
				5CF2C52F2B32E7FA00CB0BD7 /* humanSadState.swift in Sources */,
				BD7C83DF2B3416E6005DAA95 /* LastHappy.swift in Sources */,
				BDAA5F252B342778002ABFF8 /* feelingAngerState.swift in Sources */,
				5C6D508B2B334DD10030A604 /* exampleOfFeelingSad.swift in Sources */,
				BDAA5F212B3424D1002ABFF8 /* LastSad.swift in Sources */,
				BD7C83DD2B341691005DAA95 /* LastScared.swift in Sources */,
				BD7C83D92B341210005DAA95 /* Home.swift in Sources */,
				5CF2C5312B32E96800CB0BD7 /* feelingSad.swift in Sources */,
			);
			runOnlyForDeploymentPostprocessing = 0;
		};
/* End PBXSourcesBuildPhase section */

/* Begin XCBuildConfiguration section */
		5C7879B42B31FC58004C9DDD /* Debug */ = {
			isa = XCBuildConfiguration;
			buildSettings = {
				ALWAYS_SEARCH_USER_PATHS = NO;
				ASSETCATALOG_COMPILER_GENERATE_SWIFT_ASSET_SYMBOL_EXTENSIONS = YES;
				CLANG_ANALYZER_NONNULL = YES;
				CLANG_ANALYZER_NUMBER_OBJECT_CONVERSION = YES_AGGRESSIVE;
				CLANG_CXX_LANGUAGE_STANDARD = "gnu++20";
				CLANG_ENABLE_MODULES = YES;
				CLANG_ENABLE_OBJC_ARC = YES;
				CLANG_ENABLE_OBJC_WEAK = YES;
				CLANG_WARN_BLOCK_CAPTURE_AUTORELEASING = YES;
				CLANG_WARN_BOOL_CONVERSION = YES;
				CLANG_WARN_COMMA = YES;
				CLANG_WARN_CONSTANT_CONVERSION = YES;
				CLANG_WARN_DEPRECATED_OBJC_IMPLEMENTATIONS = YES;
				CLANG_WARN_DIRECT_OBJC_ISA_USAGE = YES_ERROR;
				CLANG_WARN_DOCUMENTATION_COMMENTS = YES;
				CLANG_WARN_EMPTY_BODY = YES;
				CLANG_WARN_ENUM_CONVERSION = YES;
				CLANG_WARN_INFINITE_RECURSION = YES;
				CLANG_WARN_INT_CONVERSION = YES;
				CLANG_WARN_NON_LITERAL_NULL_CONVERSION = YES;
				CLANG_WARN_OBJC_IMPLICIT_RETAIN_SELF = YES;
				CLANG_WARN_OBJC_LITERAL_CONVERSION = YES;
				CLANG_WARN_OBJC_ROOT_CLASS = YES_ERROR;
				CLANG_WARN_QUOTED_INCLUDE_IN_FRAMEWORK_HEADER = YES;
				CLANG_WARN_RANGE_LOOP_ANALYSIS = YES;
				CLANG_WARN_STRICT_PROTOTYPES = YES;
				CLANG_WARN_SUSPICIOUS_MOVE = YES;
				CLANG_WARN_UNGUARDED_AVAILABILITY = YES_AGGRESSIVE;
				CLANG_WARN_UNREACHABLE_CODE = YES;
				CLANG_WARN__DUPLICATE_METHOD_MATCH = YES;
				COPY_PHASE_STRIP = NO;
				DEBUG_INFORMATION_FORMAT = dwarf;
				ENABLE_STRICT_OBJC_MSGSEND = YES;
				ENABLE_TESTABILITY = YES;
				ENABLE_USER_SCRIPT_SANDBOXING = YES;
				GCC_C_LANGUAGE_STANDARD = gnu17;
				GCC_DYNAMIC_NO_PIC = NO;
				GCC_NO_COMMON_BLOCKS = YES;
				GCC_OPTIMIZATION_LEVEL = 0;
				GCC_PREPROCESSOR_DEFINITIONS = (
					"DEBUG=1",
					"$(inherited)",
				);
				GCC_WARN_64_TO_32_BIT_CONVERSION = YES;
				GCC_WARN_ABOUT_RETURN_TYPE = YES_ERROR;
				GCC_WARN_UNDECLARED_SELECTOR = YES;
				GCC_WARN_UNINITIALIZED_AUTOS = YES_AGGRESSIVE;
				GCC_WARN_UNUSED_FUNCTION = YES;
				GCC_WARN_UNUSED_VARIABLE = YES;
				IPHONEOS_DEPLOYMENT_TARGET = 16.0;
				LOCALIZATION_PREFERS_STRING_CATALOGS = YES;
				MTL_ENABLE_DEBUG_INFO = INCLUDE_SOURCE;
				MTL_FAST_MATH = YES;
				ONLY_ACTIVE_ARCH = YES;
				SDKROOT = iphoneos;
				SWIFT_ACTIVE_COMPILATION_CONDITIONS = "DEBUG $(inherited)";
				SWIFT_OPTIMIZATION_LEVEL = "-Onone";
			};
			name = Debug;
		};
		5C7879B52B31FC58004C9DDD /* Release */ = {
			isa = XCBuildConfiguration;
			buildSettings = {
				ALWAYS_SEARCH_USER_PATHS = NO;
				ASSETCATALOG_COMPILER_GENERATE_SWIFT_ASSET_SYMBOL_EXTENSIONS = YES;
				CLANG_ANALYZER_NONNULL = YES;
				CLANG_ANALYZER_NUMBER_OBJECT_CONVERSION = YES_AGGRESSIVE;
				CLANG_CXX_LANGUAGE_STANDARD = "gnu++20";
				CLANG_ENABLE_MODULES = YES;
				CLANG_ENABLE_OBJC_ARC = YES;
				CLANG_ENABLE_OBJC_WEAK = YES;
				CLANG_WARN_BLOCK_CAPTURE_AUTORELEASING = YES;
				CLANG_WARN_BOOL_CONVERSION = YES;
				CLANG_WARN_COMMA = YES;
				CLANG_WARN_CONSTANT_CONVERSION = YES;
				CLANG_WARN_DEPRECATED_OBJC_IMPLEMENTATIONS = YES;
				CLANG_WARN_DIRECT_OBJC_ISA_USAGE = YES_ERROR;
				CLANG_WARN_DOCUMENTATION_COMMENTS = YES;
				CLANG_WARN_EMPTY_BODY = YES;
				CLANG_WARN_ENUM_CONVERSION = YES;
				CLANG_WARN_INFINITE_RECURSION = YES;
				CLANG_WARN_INT_CONVERSION = YES;
				CLANG_WARN_NON_LITERAL_NULL_CONVERSION = YES;
				CLANG_WARN_OBJC_IMPLICIT_RETAIN_SELF = YES;
				CLANG_WARN_OBJC_LITERAL_CONVERSION = YES;
				CLANG_WARN_OBJC_ROOT_CLASS = YES_ERROR;
				CLANG_WARN_QUOTED_INCLUDE_IN_FRAMEWORK_HEADER = YES;
				CLANG_WARN_RANGE_LOOP_ANALYSIS = YES;
				CLANG_WARN_STRICT_PROTOTYPES = YES;
				CLANG_WARN_SUSPICIOUS_MOVE = YES;
				CLANG_WARN_UNGUARDED_AVAILABILITY = YES_AGGRESSIVE;
				CLANG_WARN_UNREACHABLE_CODE = YES;
				CLANG_WARN__DUPLICATE_METHOD_MATCH = YES;
				COPY_PHASE_STRIP = NO;
				DEBUG_INFORMATION_FORMAT = "dwarf-with-dsym";
				ENABLE_NS_ASSERTIONS = NO;
				ENABLE_STRICT_OBJC_MSGSEND = YES;
				ENABLE_USER_SCRIPT_SANDBOXING = YES;
				GCC_C_LANGUAGE_STANDARD = gnu17;
				GCC_NO_COMMON_BLOCKS = YES;
				GCC_WARN_64_TO_32_BIT_CONVERSION = YES;
				GCC_WARN_ABOUT_RETURN_TYPE = YES_ERROR;
				GCC_WARN_UNDECLARED_SELECTOR = YES;
				GCC_WARN_UNINITIALIZED_AUTOS = YES_AGGRESSIVE;
				GCC_WARN_UNUSED_FUNCTION = YES;
				GCC_WARN_UNUSED_VARIABLE = YES;
				IPHONEOS_DEPLOYMENT_TARGET = 16.0;
				LOCALIZATION_PREFERS_STRING_CATALOGS = YES;
				MTL_ENABLE_DEBUG_INFO = NO;
				MTL_FAST_MATH = YES;
				SDKROOT = iphoneos;
				SWIFT_COMPILATION_MODE = wholemodule;
				VALIDATE_PRODUCT = YES;
			};
			name = Release;
		};
		5C7879B72B31FC58004C9DDD /* Debug */ = {
			isa = XCBuildConfiguration;
			buildSettings = {
				ASSETCATALOG_COMPILER_APPICON_NAME = AppIcon;
				ASSETCATALOG_COMPILER_GLOBAL_ACCENT_COLOR_NAME = AccentColor;
				CODE_SIGN_STYLE = Automatic;
				CURRENT_PROJECT_VERSION = 1;
				DEVELOPMENT_ASSET_PATHS = "\"MaknoonAppliction/Preview Content\"";
				DEVELOPMENT_TEAM = KHXQ555L4S;
				ENABLE_PREVIEWS = YES;
				GENERATE_INFOPLIST_FILE = YES;
				INFOPLIST_KEY_UIApplicationSceneManifest_Generation = YES;
				INFOPLIST_KEY_UIApplicationSupportsIndirectInputEvents = YES;
				INFOPLIST_KEY_UILaunchScreen_Generation = YES;
				INFOPLIST_KEY_UISupportedInterfaceOrientations = "UIInterfaceOrientationLandscapeLeft UIInterfaceOrientationLandscapeRight";
				IPHONEOS_DEPLOYMENT_TARGET = 17.0;
				LD_RUNPATH_SEARCH_PATHS = (
					"$(inherited)",
					"@executable_path/Frameworks",
				);
				MARKETING_VERSION = 1.0;
				PRODUCT_BUNDLE_IDENTIFIER = w.MaknoonAppliction;
				PRODUCT_NAME = "$(TARGET_NAME)";
				SWIFT_EMIT_LOC_STRINGS = YES;
				SWIFT_VERSION = 5.0;
				TARGETED_DEVICE_FAMILY = "1,2";
			};
			name = Debug;
		};
		5C7879B82B31FC58004C9DDD /* Release */ = {
			isa = XCBuildConfiguration;
			buildSettings = {
				ASSETCATALOG_COMPILER_APPICON_NAME = AppIcon;
				ASSETCATALOG_COMPILER_GLOBAL_ACCENT_COLOR_NAME = AccentColor;
				CODE_SIGN_STYLE = Automatic;
				CURRENT_PROJECT_VERSION = 1;
				DEVELOPMENT_ASSET_PATHS = "\"MaknoonAppliction/Preview Content\"";
				DEVELOPMENT_TEAM = KHXQ555L4S;
				ENABLE_PREVIEWS = YES;
				GENERATE_INFOPLIST_FILE = YES;
				INFOPLIST_KEY_UIApplicationSceneManifest_Generation = YES;
				INFOPLIST_KEY_UIApplicationSupportsIndirectInputEvents = YES;
				INFOPLIST_KEY_UILaunchScreen_Generation = YES;
				INFOPLIST_KEY_UISupportedInterfaceOrientations = "UIInterfaceOrientationLandscapeLeft UIInterfaceOrientationLandscapeRight";
				IPHONEOS_DEPLOYMENT_TARGET = 17.0;
				LD_RUNPATH_SEARCH_PATHS = (
					"$(inherited)",
					"@executable_path/Frameworks",
				);
				MARKETING_VERSION = 1.0;
				PRODUCT_BUNDLE_IDENTIFIER = w.MaknoonAppliction;
				PRODUCT_NAME = "$(TARGET_NAME)";
				SWIFT_EMIT_LOC_STRINGS = YES;
				SWIFT_VERSION = 5.0;
				TARGETED_DEVICE_FAMILY = "1,2";
			};
			name = Release;
		};
/* End XCBuildConfiguration section */

/* Begin XCConfigurationList section */
		5C7879A32B31FC57004C9DDD /* Build configuration list for PBXProject "MaknoonAppliction" */ = {
			isa = XCConfigurationList;
			buildConfigurations = (
				5C7879B42B31FC58004C9DDD /* Debug */,
				5C7879B52B31FC58004C9DDD /* Release */,
			);
			defaultConfigurationIsVisible = 0;
			defaultConfigurationName = Release;
		};
		5C7879B62B31FC58004C9DDD /* Build configuration list for PBXNativeTarget "MaknoonAppliction" */ = {
			isa = XCConfigurationList;
			buildConfigurations = (
				5C7879B72B31FC58004C9DDD /* Debug */,
				5C7879B82B31FC58004C9DDD /* Release */,
			);
			defaultConfigurationIsVisible = 0;
			defaultConfigurationName = Release;
		};
/* End XCConfigurationList section */
	};
	rootObject = 5C7879A02B31FC57004C9DDD /* Project object */;
}
